
Microsoft Visual Studio Solution File, Format Version 12.00
# Visual Studio Version 17
VisualStudioVersion = 17.6.33829.357
MinimumVisualStudioVersion = 10.0.40219.1
Project("{FAE04EC0-301F-11D3-BF4B-00C04F79EFBC}") = "Hospital Management", "Hospital Management\Hospital Management.csproj", "{18313CB5-586B-456C-9AA5-92CEFD2AB936}"
EndProject
Global
	GlobalSection(SolutionConfigurationPlatforms) = preSolution
		Debug|Any CPU = Debug|Any CPU
		Release|Any CPU = Release|Any CPU
	EndGlobalSection
	GlobalSection(ProjectConfigurationPlatforms) = postSolution
		{18313CB5-586B-456C-9AA5-92CEFD2AB936}.Debug|Any CPU.ActiveCfg = Debug|Any CPU
		{18313CB5-586B-456C-9AA5-92CEFD2AB936}.Debug|Any CPU.Build.0 = Debug|Any CPU
		{18313CB5-586B-456C-9AA5-92CEFD2AB936}.Release|Any CPU.ActiveCfg = Release|Any CPU
		{18313CB5-586B-456C-9AA5-92CEFD2AB936}.Release|Any CPU.Build.0 = Release|Any CPU
	EndGlobalSection
	GlobalSection(SolutionProperties) = preSolution
		HideSolutionNode = FALSE
	EndGlobalSection
	GlobalSection(ExtensibilityGlobals) = postSolution
		SolutionGuid = {D511C2EE-8766-42DD-8BC0-98B73E1FE27D}
	EndGlobalSection
EndGlobal
